<?xml version="1.0" encoding="utf-8"?>
<Project ToolsVersion="4.0" xmlns="http://schemas.microsoft.com/developer/msbuild/2003">
  <ItemGroup>
    <Filter Include="Source Files">
      <UniqueIdentifier>{4FC737F1-C7A5-4376-A066-2A32D752A2FF}</UniqueIdentifier>
      <Extensions>cpp;c;cc;cxx;c++;cppm;ixx;def;odl;idl;hpj;bat;asm;asmx</Extensions>
    </Filter>
    <Filter Include="Header Files">
      <UniqueIdentifier>{93995380-89BD-4b04-88EB-625FBE52EBFB}</UniqueIdentifier>
      <Extensions>h;hh;hpp;hxx;h++;hm;inl;inc;ipp;xsd</Extensions>
    </Filter>
    <Filter Include="Resource Files">
      <UniqueIdentifier>{67DA6AB6-F800-4c08-8B7A-83BB121AAD01}</UniqueIdentifier>
      <Extensions>rc;ico;cur;bmp;dlg;rc2;rct;bin;rgs;gif;jpg;jpeg;jpe;resx;tiff;tif;png;wav;mfcribbon-ms</Extensions>
    </Filter>
    <Filter Include="Resource Files\FlyingSaucer">
      <UniqueIdentifier>{e04cb498-6779-426c-826a-5a995ce3a812}</UniqueIdentifier>
    </Filter>
    <Filter Include="Resource Files\Ninja">
      <UniqueIdentifier>{b84e3752-fa49-47bb-9ecd-daccc7be9c89}</UniqueIdentifier>
    </Filter>
    <Filter Include="Resource Files\Ninja\Run">
      <UniqueIdentifier>{7c92ad10-a175-43e2-a00d-9a0382417bed}</UniqueIdentifier>
    </Filter>
    <Filter Include="Resource Files\Ninja\Throw">
      <UniqueIdentifier>{e87b7e3d-d13e-46ee-a195-4087d61970f6}</UniqueIdentifier>
    </Filter>
    <Filter Include="Resource Files\Ninja\Dead">
      <UniqueIdentifier>{4bdb6545-8328-4761-89ec-f344c1b98c19}</UniqueIdentifier>
    </Filter>
    <Filter Include="Resource Files\Ninja\Attack">
      <UniqueIdentifier>{e4c7850a-8766-4c56-8633-4b002c82a3f0}</UniqueIdentifier>
    </Filter>
    <Filter Include="Resource Files\Ninja\Idle">
      <UniqueIdentifier>{530940d4-ebb8-4089-a9b5-f523c9ccaab5}</UniqueIdentifier>
    </Filter>
    <Filter Include="Resource Files\Ninja\Jump">
      <UniqueIdentifier>{df9b8006-5597-45b4-8f63-958be73533b0}</UniqueIdentifier>
    </Filter>
    <Filter Include="Resource Files\Ninja\Slide">
      <UniqueIdentifier>{56b5a12a-4743-4cde-81a4-f0f255c8056a}</UniqueIdentifier>
    </Filter>
    <Filter Include="Resource Files\Ninja\Climb">
      <UniqueIdentifier>{8412a791-0ef8-41d3-a7af-a1721eece1d8}</UniqueIdentifier>
    </Filter>
    <Filter Include="Resource Files\Ninja\Glide">
      <UniqueIdentifier>{1780e01b-c939-4f4a-aabd-03b898f619cf}</UniqueIdentifier>
    </Filter>
    <Filter Include="Resource Files\Ninja\JumpThrow">
      <UniqueIdentifier>{609534bb-65d9-4383-8ed4-8efdc3f1554c}</UniqueIdentifier>
    </Filter>
    <Filter Include="Resource Files\Ninja\JumpAttack">
      <UniqueIdentifier>{ad40bd4c-640d-4c59-b681-14555fbce6a3}</UniqueIdentifier>
    </Filter>
  </ItemGroup>
  <ItemGroup>
    <ClInclude Include="Constant.h">
      <Filter>Header Files</Filter>
    </ClInclude>
    <ClInclude Include="game.h">
      <Filter>Header Files</Filter>
    </ClInclude>
    <ClInclude Include="gameError.h">
      <Filter>Header Files</Filter>
    </ClInclude>
    <ClInclude Include="graphics.h">
      <Filter>Header Files</Filter>
    </ClInclude>
    <ClInclude Include="image.h">
      <Filter>Header Files</Filter>
    </ClInclude>
    <ClInclude Include="Input.h">
      <Filter>Header Files</Filter>
    </ClInclude>
    <ClInclude Include="textureManager.h">
      <Filter>Header Files</Filter>
    </ClInclude>
    <ClInclude Include="Deninja.h">
      <Filter>Header Files</Filter>
    </ClInclude>
    <ClInclude Include="Window.h">
      <Filter>Header Files</Filter>
    </ClInclude>
    <ClInclude Include="Bullet.h">
      <Filter>Header Files</Filter>
    </ClInclude>
    <ClInclude Include="Ninja.h">
      <Filter>Header Files</Filter>
    </ClInclude>
    <ClInclude Include="Vec2.h">
      <Filter>Header Files</Filter>
    </ClInclude>
    <ClInclude Include="Ship.h">
      <Filter>Header Files</Filter>
    </ClInclude>
    <ClInclude Include="Animation.h">
      <Filter>Header Files</Filter>
    </ClInclude>
    <ClInclude Include="BasicEntity.h">
      <Filter>Header Files</Filter>
    </ClInclude>
    <ClInclude Include="_Rect.h">
      <Filter>Header Files</Filter>
    </ClInclude>
    <ClInclude Include="Timer.h">
      <Filter>Header Files</Filter>
    </ClInclude>
    <ClInclude Include="Projectile.h">
      <Filter>Header Files</Filter>
    </ClInclude>
    <ClInclude Include="Kunai.h">
      <Filter>Header Files</Filter>
    </ClInclude>
    <ClInclude Include="FiringManager.h">
      <Filter>Header Files</Filter>
    </ClInclude>
    <ClInclude Include="ProjectileManager.h">
      <Filter>Header Files</Filter>
    </ClInclude>
    <ClInclude Include="WideString.h">
      <Filter>Header Files</Filter>
    </ClInclude>
  </ItemGroup>
  <ItemGroup>
    <ClCompile Include="game.cpp">
      <Filter>Source Files</Filter>
    </ClCompile>
    <ClCompile Include="graphics.cpp">
      <Filter>Source Files</Filter>
    </ClCompile>
    <ClCompile Include="image.cpp">
      <Filter>Source Files</Filter>
    </ClCompile>
    <ClCompile Include="Input.cpp">
      <Filter>Source Files</Filter>
    </ClCompile>
    <ClCompile Include="textureManager.cpp">
      <Filter>Source Files</Filter>
    </ClCompile>
    <ClCompile Include="winmain.cpp">
      <Filter>Source Files</Filter>
    </ClCompile>
    <ClCompile Include="Deninja.cpp">
      <Filter>Source Files</Filter>
    </ClCompile>
    <ClCompile Include="Window.cpp">
      <Filter>Source Files</Filter>
    </ClCompile>
    <ClCompile Include="Bullet.cpp">
      <Filter>Source Files</Filter>
    </ClCompile>
    <ClCompile Include="Ninja.cpp">
      <Filter>Source Files</Filter>
    </ClCompile>
    <ClCompile Include="Ship.cpp">
      <Filter>Source Files</Filter>
    </ClCompile>
    <ClCompile Include="Animation.cpp">
      <Filter>Source Files</Filter>
    </ClCompile>
    <ClCompile Include="BasicEntity.cpp">
      <Filter>Source Files</Filter>
    </ClCompile>
    <ClCompile Include="Timer.cpp">
      <Filter>Source Files</Filter>
    </ClCompile>
    <ClCompile Include="Projectile.cpp">
      <Filter>Source Files</Filter>
    </ClCompile>
    <ClCompile Include="Kunai.cpp">
      <Filter>Source Files</Filter>
    </ClCompile>
    <ClCompile Include="FiringManager.cpp">
      <Filter>Source Files</Filter>
    </ClCompile>
    <ClCompile Include="ProjectileManager.cpp">
      <Filter>Source Files</Filter>
    </ClCompile>
  </ItemGroup>
  <ItemGroup>
    <Image Include="png\BG.png">
      <Filter>Resource Files</Filter>
    </Image>
    <Image Include="png\FlyingSaucer\flying-saucer-1.png">
      <Filter>Resource Files\FlyingSaucer</Filter>
    </Image>
    <Image Include="png\FlyingSaucer\flying-saucer-2.png">
      <Filter>Resource Files\FlyingSaucer</Filter>
    </Image>
    <Image Include="png\FlyingSaucer\flying-saucer-4.png">
      <Filter>Resource Files\FlyingSaucer</Filter>
    </Image>
    <Image Include="png\FlyingSaucer\flying-saucer-5.png">
      <Filter>Resource Files\FlyingSaucer</Filter>
    </Image>
    <Image Include="png\FlyingSaucer\flying-saucer-3.png">
      <Filter>Resource Files\FlyingSaucer</Filter>
    </Image>
    <Image Include="png\FlyingSaucer\bullet.png">
      <Filter>Resource Files\FlyingSaucer</Filter>
    </Image>
    <Image Include="png\Ninja\Kunai.png">
      <Filter>Resource Files\Ninja</Filter>
    </Image>
    <Image Include="png\Ninja\Run__009.png">
      <Filter>Resource Files\Ninja\Run</Filter>
    </Image>
    <Image Include="png\Ninja\Run__000.png">
      <Filter>Resource Files\Ninja\Run</Filter>
    </Image>
    <Image Include="png\Ninja\Run__001.png">
      <Filter>Resource Files\Ninja\Run</Filter>
    </Image>
    <Image Include="png\Ninja\Run__002.png">
      <Filter>Resource Files\Ninja\Run</Filter>
    </Image>
    <Image Include="png\Ninja\Run__003.png">
      <Filter>Resource Files\Ninja\Run</Filter>
    </Image>
    <Image Include="png\Ninja\Run__004.png">
      <Filter>Resource Files\Ninja\Run</Filter>
    </Image>
    <Image Include="png\Ninja\Run__005.png">
      <Filter>Resource Files\Ninja\Run</Filter>
    </Image>
    <Image Include="png\Ninja\Run__006.png">
      <Filter>Resource Files\Ninja\Run</Filter>
    </Image>
    <Image Include="png\Ninja\Run__007.png">
      <Filter>Resource Files\Ninja\Run</Filter>
    </Image>
    <Image Include="png\Ninja\Run__008.png">
      <Filter>Resource Files\Ninja\Run</Filter>
    </Image>
    <Image Include="png\Ninja\Throw__000.png">
      <Filter>Resource Files\Ninja\Throw</Filter>
    </Image>
    <Image Include="png\Ninja\Throw__001.png">
      <Filter>Resource Files\Ninja\Throw</Filter>
    </Image>
    <Image Include="png\Ninja\Throw__002.png">
      <Filter>Resource Files\Ninja\Throw</Filter>
    </Image>
    <Image Include="png\Ninja\Throw__003.png">
      <Filter>Resource Files\Ninja\Throw</Filter>
    </Image>
    <Image Include="png\Ninja\Throw__004.png">
      <Filter>Resource Files\Ninja\Throw</Filter>
    </Image>
    <Image Include="png\Ninja\Throw__005.png">
      <Filter>Resource Files\Ninja\Throw</Filter>
    </Image>
    <Image Include="png\Ninja\Throw__006.png">
      <Filter>Resource Files\Ninja\Throw</Filter>
    </Image>
    <Image Include="png\Ninja\Throw__007.png">
      <Filter>Resource Files\Ninja\Throw</Filter>
    </Image>
    <Image Include="png\Ninja\Throw__008.png">
      <Filter>Resource Files\Ninja\Throw</Filter>
    </Image>
    <Image Include="png\Ninja\Throw__009.png">
      <Filter>Resource Files\Ninja\Throw</Filter>
    </Image>
    <Image Include="png\Ninja\Dead__000.png">
      <Filter>Resource Files\Ninja\Dead</Filter>
    </Image>
    <Image Include="png\Ninja\Dead__001.png">
      <Filter>Resource Files\Ninja\Dead</Filter>
    </Image>
    <Image Include="png\Ninja\Dead__002.png">
      <Filter>Resource Files\Ninja\Dead</Filter>
    </Image>
    <Image Include="png\Ninja\Dead__003.png">
      <Filter>Resource Files\Ninja\Dead</Filter>
    </Image>
    <Image Include="png\Ninja\Dead__004.png">
      <Filter>Resource Files\Ninja\Dead</Filter>
    </Image>
    <Image Include="png\Ninja\Dead__005.png">
      <Filter>Resource Files\Ninja\Dead</Filter>
    </Image>
    <Image Include="png\Ninja\Dead__006.png">
      <Filter>Resource Files\Ninja\Dead</Filter>
    </Image>
    <Image Include="png\Ninja\Dead__007.png">
      <Filter>Resource Files\Ninja\Dead</Filter>
    </Image>
    <Image Include="png\Ninja\Dead__008.png">
      <Filter>Resource Files\Ninja\Dead</Filter>
    </Image>
    <Image Include="png\Ninja\Dead__009.png">
      <Filter>Resource Files\Ninja\Dead</Filter>
    </Image>
    <Image Include="png\Ninja\Attack__000.png">
      <Filter>Resource Files\Ninja\Attack</Filter>
    </Image>
    <Image Include="png\Ninja\Attack__001.png">
      <Filter>Resource Files\Ninja\Attack</Filter>
    </Image>
    <Image Include="png\Ninja\Attack__002.png">
      <Filter>Resource Files\Ninja\Attack</Filter>
    </Image>
    <Image Include="png\Ninja\Attack__003.png">
      <Filter>Resource Files\Ninja\Attack</Filter>
    </Image>
    <Image Include="png\Ninja\Attack__004.png">
      <Filter>Resource Files\Ninja\Attack</Filter>
    </Image>
    <Image Include="png\Ninja\Attack__005.png">
      <Filter>Resource Files\Ninja\Attack</Filter>
    </Image>
    <Image Include="png\Ninja\Attack__006.png">
      <Filter>Resource Files\Ninja\Attack</Filter>
    </Image>
    <Image Include="png\Ninja\Attack__007.png">
      <Filter>Resource Files\Ninja\Attack</Filter>
    </Image>
    <Image Include="png\Ninja\Attack__008.png">
      <Filter>Resource Files\Ninja\Attack</Filter>
    </Image>
    <Image Include="png\Ninja\Attack__009.png">
      <Filter>Resource Files\Ninja\Attack</Filter>
    </Image>
    <Image Include="png\Ninja\Idle__000.png">
      <Filter>Resource Files\Ninja\Idle</Filter>
    </Image>
    <Image Include="png\Ninja\Idle__001.png">
      <Filter>Resource Files\Ninja\Idle</Filter>
    </Image>
    <Image Include="png\Ninja\Idle__002.png">
      <Filter>Resource Files\Ninja\Idle</Filter>
    </Image>
    <Image Include="png\Ninja\Idle__003.png">
      <Filter>Resource Files\Ninja\Idle</Filter>
    </Image>
    <Image Include="png\Ninja\Idle__004.png">
      <Filter>Resource Files\Ninja\Idle</Filter>
    </Image>
    <Image Include="png\Ninja\Idle__005.png">
      <Filter>Resource Files\Ninja\Idle</Filter>
    </Image>
    <Image Include="png\Ninja\Idle__006.png">
      <Filter>Resource Files\Ninja\Idle</Filter>
    </Image>
    <Image Include="png\Ninja\Idle__007.png">
      <Filter>Resource Files\Ninja\Idle</Filter>
    </Image>
    <Image Include="png\Ninja\Idle__008.png">
      <Filter>Resource Files\Ninja\Idle</Filter>
    </Image>
    <Image Include="png\Ninja\Idle__009.png">
      <Filter>Resource Files\Ninja\Idle</Filter>
    </Image>
    <Image Include="png\Ninja\Jump__000.png">
      <Filter>Resource Files\Ninja\Jump</Filter>
    </Image>
    <Image Include="png\Ninja\Jump__001.png">
      <Filter>Resource Files\Ninja\Jump</Filter>
    </Image>
    <Image Include="png\Ninja\Jump__002.png">
      <Filter>Resource Files\Ninja\Jump</Filter>
    </Image>
    <Image Include="png\Ninja\Jump__003.png">
      <Filter>Resource Files\Ninja\Jump</Filter>
    </Image>
    <Image Include="png\Ninja\Jump__004.png">
      <Filter>Resource Files\Ninja\Jump</Filter>
    </Image>
    <Image Include="png\Ninja\Jump__005.png">
      <Filter>Resource Files\Ninja\Jump</Filter>
    </Image>
    <Image Include="png\Ninja\Jump__006.png">
      <Filter>Resource Files\Ninja\Jump</Filter>
    </Image>
    <Image Include="png\Ninja\Jump__007.png">
      <Filter>Resource Files\Ninja\Jump</Filter>
    </Image>
    <Image Include="png\Ninja\Jump__008.png">
      <Filter>Resource Files\Ninja\Jump</Filter>
    </Image>
    <Image Include="png\Ninja\Jump__009.png">
      <Filter>Resource Files\Ninja\Jump</Filter>
    </Image>
    <Image Include="png\Ninja\Slide__000.png">
      <Filter>Resource Files\Ninja\Slide</Filter>
    </Image>
    <Image Include="png\Ninja\Slide__001.png">
      <Filter>Resource Files\Ninja\Slide</Filter>
    </Image>
    <Image Include="png\Ninja\Slide__002.png">
      <Filter>Resource Files\Ninja\Slide</Filter>
    </Image>
    <Image Include="png\Ninja\Slide__003.png">
      <Filter>Resource Files\Ninja\Slide</Filter>
    </Image>
    <Image Include="png\Ninja\Slide__004.png">
      <Filter>Resource Files\Ninja\Slide</Filter>
    </Image>
    <Image Include="png\Ninja\Slide__005.png">
      <Filter>Resource Files\Ninja\Slide</Filter>
    </Image>
    <Image Include="png\Ninja\Slide__006.png">
      <Filter>Resource Files\Ninja\Slide</Filter>
    </Image>
    <Image Include="png\Ninja\Slide__007.png">
      <Filter>Resource Files\Ninja\Slide</Filter>
    </Image>
    <Image Include="png\Ninja\Slide__008.png">
      <Filter>Resource Files\Ninja\Slide</Filter>
    </Image>
    <Image Include="png\Ninja\Slide__009.png">
      <Filter>Resource Files\Ninja\Slide</Filter>
    </Image>
    <Image Include="png\Ninja\Climb_000.png">
      <Filter>Resource Files\Ninja\Climb</Filter>
    </Image>
    <Image Include="png\Ninja\Climb_001.png">
      <Filter>Resource Files\Ninja\Climb</Filter>
    </Image>
    <Image Include="png\Ninja\Climb_002.png">
      <Filter>Resource Files\Ninja\Climb</Filter>
    </Image>
    <Image Include="png\Ninja\Climb_003.png">
      <Filter>Resource Files\Ninja\Climb</Filter>
    </Image>
    <Image Include="png\Ninja\Climb_004.png">
      <Filter>Resource Files\Ninja\Climb</Filter>
    </Image>
    <Image Include="png\Ninja\Climb_005.png">
      <Filter>Resource Files\Ninja\Climb</Filter>
    </Image>
    <Image Include="png\Ninja\Climb_006.png">
      <Filter>Resource Files\Ninja\Climb</Filter>
    </Image>
    <Image Include="png\Ninja\Climb_007.png">
      <Filter>Resource Files\Ninja\Climb</Filter>
    </Image>
    <Image Include="png\Ninja\Climb_008.png">
      <Filter>Resource Files\Ninja\Climb</Filter>
    </Image>
    <Image Include="png\Ninja\Climb_009.png">
      <Filter>Resource Files\Ninja\Climb</Filter>
    </Image>
    <Image Include="png\Ninja\Glide_000.png">
      <Filter>Resource Files\Ninja\Glide</Filter>
    </Image>
    <Image Include="png\Ninja\Glide_001.png">
      <Filter>Resource Files\Ninja\Glide</Filter>
    </Image>
    <Image Include="png\Ninja\Glide_002.png">
      <Filter>Resource Files\Ninja\Glide</Filter>
    </Image>
    <Image Include="png\Ninja\Glide_003.png">
      <Filter>Resource Files\Ninja\Glide</Filter>
    </Image>
    <Image Include="png\Ninja\Glide_004.png">
      <Filter>Resource Files\Ninja\Glide</Filter>
    </Image>
    <Image Include="png\Ninja\Glide_005.png">
      <Filter>Resource Files\Ninja\Glide</Filter>
    </Image>
    <Image Include="png\Ninja\Glide_006.png">
      <Filter>Resource Files\Ninja\Glide</Filter>
    </Image>
    <Image Include="png\Ninja\Glide_007.png">
      <Filter>Resource Files\Ninja\Glide</Filter>
    </Image>
    <Image Include="png\Ninja\Glide_008.png">
      <Filter>Resource Files\Ninja\Glide</Filter>
    </Image>
    <Image Include="png\Ninja\Glide_009.png">
      <Filter>Resource Files\Ninja\Glide</Filter>
    </Image>
    <Image Include="png\Ninja\Jump_Throw__009.png">
      <Filter>Resource Files\Ninja\JumpThrow</Filter>
    </Image>
    <Image Include="png\Ninja\Jump_Throw__000.png">
      <Filter>Resource Files\Ninja\JumpThrow</Filter>
    </Image>
    <Image Include="png\Ninja\Jump_Throw__001.png">
      <Filter>Resource Files\Ninja\JumpThrow</Filter>
    </Image>
    <Image Include="png\Ninja\Jump_Throw__002.png">
      <Filter>Resource Files\Ninja\JumpThrow</Filter>
    </Image>
    <Image Include="png\Ninja\Jump_Throw__003.png">
      <Filter>Resource Files\Ninja\JumpThrow</Filter>
    </Image>
    <Image Include="png\Ninja\Jump_Throw__004.png">
      <Filter>Resource Files\Ninja\JumpThrow</Filter>
    </Image>
    <Image Include="png\Ninja\Jump_Throw__005.png">
      <Filter>Resource Files\Ninja\JumpThrow</Filter>
    </Image>
    <Image Include="png\Ninja\Jump_Throw__006.png">
      <Filter>Resource Files\Ninja\JumpThrow</Filter>
    </Image>
    <Image Include="png\Ninja\Jump_Throw__007.png">
      <Filter>Resource Files\Ninja\JumpThrow</Filter>
    </Image>
    <Image Include="png\Ninja\Jump_Throw__008.png">
      <Filter>Resource Files\Ninja\JumpThrow</Filter>
    </Image>
    <Image Include="png\Ninja\Jump_Attack__000.png">
      <Filter>Resource Files\Ninja\JumpAttack</Filter>
    </Image>
    <Image Include="png\Ninja\Jump_Attack__001.png">
      <Filter>Resource Files\Ninja\JumpAttack</Filter>
    </Image>
    <Image Include="png\Ninja\Jump_Attack__002.png">
      <Filter>Resource Files\Ninja\JumpAttack</Filter>
    </Image>
    <Image Include="png\Ninja\Jump_Attack__003.png">
      <Filter>Resource Files\Ninja\JumpAttack</Filter>
    </Image>
    <Image Include="png\Ninja\Jump_Attack__004.png">
      <Filter>Resource Files\Ninja\JumpAttack</Filter>
    </Image>
    <Image Include="png\Ninja\Jump_Attack__005.png">
      <Filter>Resource Files\Ninja\JumpAttack</Filter>
    </Image>
    <Image Include="png\Ninja\Jump_Attack__006.png">
      <Filter>Resource Files\Ninja\JumpAttack</Filter>
    </Image>
    <Image Include="png\Ninja\Jump_Attack__007.png">
      <Filter>Resource Files\Ninja\JumpAttack</Filter>
    </Image>
    <Image Include="png\Ninja\Jump_Attack__008.png">
      <Filter>Resource Files\Ninja\JumpAttack</Filter>
    </Image>
    <Image Include="png\Ninja\Jump_Attack__009.png">
      <Filter>Resource Files\Ninja\JumpAttack</Filter>
    </Image>
  </ItemGroup>
</Project>